// !$*UTF8*$!
{
	archiveVersion = 1;
	classes = {
	};
	objectVersion = 50;
	objects = {

/* Begin PBXBuildFile section */
		1806CD14217763F100A7878B /* ImageManager.swift in Sources */ = {isa = PBXBuildFile; fileRef = 1806CD13217763F100A7878B /* ImageManager.swift */; };
		1806CD16217766FB00A7878B /* ImageWork.swift in Sources */ = {isa = PBXBuildFile; fileRef = 1806CD15217766FB00A7878B /* ImageWork.swift */; };
		18178E8D21748C6900D70AF3 /* ResponseModel.swift in Sources */ = {isa = PBXBuildFile; fileRef = 18178E8C21748C6900D70AF3 /* ResponseModel.swift */; };
		18B360932170A4B700C38F95 /* AppDelegate.swift in Sources */ = {isa = PBXBuildFile; fileRef = 18B360922170A4B700C38F95 /* AppDelegate.swift */; };
		18B360952170A4B700C38F95 /* ViewController.swift in Sources */ = {isa = PBXBuildFile; fileRef = 18B360942170A4B700C38F95 /* ViewController.swift */; };
		18B360982170A4B700C38F95 /* Main.storyboard in Resources */ = {isa = PBXBuildFile; fileRef = 18B360962170A4B700C38F95 /* Main.storyboard */; };
		18B3609D2170A4BB00C38F95 /* Assets.xcassets in Resources */ = {isa = PBXBuildFile; fileRef = 18B3609C2170A4BB00C38F95 /* Assets.xcassets */; };
		18B360A02170A4BB00C38F95 /* LaunchScreen.storyboard in Resources */ = {isa = PBXBuildFile; fileRef = 18B3609E2170A4BB00C38F95 /* LaunchScreen.storyboard */; };
		18B360AB2170A4BB00C38F95 /* CoreDataTests.swift in Sources */ = {isa = PBXBuildFile; fileRef = 18B360AA2170A4BB00C38F95 /* CoreDataTests.swift */; };
		18B360B62170A4BB00C38F95 /* CoreDataUITests.swift in Sources */ = {isa = PBXBuildFile; fileRef = 18B360B52170A4BB00C38F95 /* CoreDataUITests.swift */; };
		18B360C42170AF0A00C38F95 /* CoreDataManager.swift in Sources */ = {isa = PBXBuildFile; fileRef = 18B360C32170AF0A00C38F95 /* CoreDataManager.swift */; };
		18B360C62170AF3800C38F95 /* ModelPerson.swift in Sources */ = {isa = PBXBuildFile; fileRef = 18B360C52170AF3800C38F95 /* ModelPerson.swift */; };
		18B360C92170B5B800C38F95 /* CoreData.xcdatamodeld in Sources */ = {isa = PBXBuildFile; fileRef = 18B360C72170B5B800C38F95 /* CoreData.xcdatamodeld */; };
		18C81A6D217861D000438978 /* ImageCropper.xib in Resources */ = {isa = PBXBuildFile; fileRef = 18C81A65217861CF00438978 /* ImageCropper.xib */; };
		18C81A6E217861D000438978 /* ImageCropperModel.swift in Sources */ = {isa = PBXBuildFile; fileRef = 18C81A66217861CF00438978 /* ImageCropperModel.swift */; };
		18C81A6F217861D000438978 /* ImageCropperConfigurator.swift in Sources */ = {isa = PBXBuildFile; fileRef = 18C81A67217861CF00438978 /* ImageCropperConfigurator.swift */; };
		18C81A70217861D000438978 /* ImageCropperPresenter.swift in Sources */ = {isa = PBXBuildFile; fileRef = 18C81A68217861CF00438978 /* ImageCropperPresenter.swift */; };
		18C81A71217861D000438978 /* UIImage+NormalizeOrientation.swift in Sources */ = {isa = PBXBuildFile; fileRef = 18C81A69217861CF00438978 /* UIImage+NormalizeOrientation.swift */; };
		18C81A72217861D000438978 /* ImageCropperRouter.swift in Sources */ = {isa = PBXBuildFile; fileRef = 18C81A6A217861D000438978 /* ImageCropperRouter.swift */; };
		18C81A73217861D000438978 /* ImageCropperViewController.swift in Sources */ = {isa = PBXBuildFile; fileRef = 18C81A6B217861D000438978 /* ImageCropperViewController.swift */; };
		18C81A74217861D000438978 /* ImageCropperConfiguration.swift in Sources */ = {isa = PBXBuildFile; fileRef = 18C81A6C217861D000438978 /* ImageCropperConfiguration.swift */; };
/* End PBXBuildFile section */

/* Begin PBXContainerItemProxy section */
		18B360A72170A4BB00C38F95 /* PBXContainerItemProxy */ = {
			isa = PBXContainerItemProxy;
			containerPortal = 18B360872170A4B700C38F95 /* Project object */;
			proxyType = 1;
			remoteGlobalIDString = 18B3608E2170A4B700C38F95;
			remoteInfo = CoreData;
		};
		18B360B22170A4BB00C38F95 /* PBXContainerItemProxy */ = {
			isa = PBXContainerItemProxy;
			containerPortal = 18B360872170A4B700C38F95 /* Project object */;
			proxyType = 1;
			remoteGlobalIDString = 18B3608E2170A4B700C38F95;
			remoteInfo = CoreData;
		};
/* End PBXContainerItemProxy section */

/* Begin PBXFileReference section */
		1806CD13217763F100A7878B /* ImageManager.swift */ = {isa = PBXFileReference; lastKnownFileType = sourcecode.swift; path = ImageManager.swift; sourceTree = "<group>"; };
		1806CD15217766FB00A7878B /* ImageWork.swift */ = {isa = PBXFileReference; lastKnownFileType = sourcecode.swift; path = ImageWork.swift; sourceTree = "<group>"; };
		18178E8C21748C6900D70AF3 /* ResponseModel.swift */ = {isa = PBXFileReference; lastKnownFileType = sourcecode.swift; path = ResponseModel.swift; sourceTree = "<group>"; };
		18B3608F2170A4B700C38F95 /* CoreDataDemo.app */ = {isa = PBXFileReference; explicitFileType = wrapper.application; includeInIndex = 0; path = CoreDataDemo.app; sourceTree = BUILT_PRODUCTS_DIR; };
		18B360922170A4B700C38F95 /* AppDelegate.swift */ = {isa = PBXFileReference; lastKnownFileType = sourcecode.swift; path = AppDelegate.swift; sourceTree = "<group>"; };
		18B360942170A4B700C38F95 /* ViewController.swift */ = {isa = PBXFileReference; lastKnownFileType = sourcecode.swift; path = ViewController.swift; sourceTree = "<group>"; };
		18B360972170A4B700C38F95 /* Base */ = {isa = PBXFileReference; lastKnownFileType = file.storyboard; name = Base; path = Base.lproj/Main.storyboard; sourceTree = "<group>"; };
		18B3609C2170A4BB00C38F95 /* Assets.xcassets */ = {isa = PBXFileReference; lastKnownFileType = folder.assetcatalog; path = Assets.xcassets; sourceTree = "<group>"; };
		18B3609F2170A4BB00C38F95 /* Base */ = {isa = PBXFileReference; lastKnownFileType = file.storyboard; name = Base; path = Base.lproj/LaunchScreen.storyboard; sourceTree = "<group>"; };
		18B360A12170A4BB00C38F95 /* Info.plist */ = {isa = PBXFileReference; lastKnownFileType = text.plist.xml; path = Info.plist; sourceTree = "<group>"; };
		18B360A62170A4BB00C38F95 /* CoreDataDemoTests.xctest */ = {isa = PBXFileReference; explicitFileType = wrapper.cfbundle; includeInIndex = 0; path = CoreDataDemoTests.xctest; sourceTree = BUILT_PRODUCTS_DIR; };
		18B360AA2170A4BB00C38F95 /* CoreDataTests.swift */ = {isa = PBXFileReference; lastKnownFileType = sourcecode.swift; path = CoreDataTests.swift; sourceTree = "<group>"; };
		18B360AC2170A4BB00C38F95 /* Info.plist */ = {isa = PBXFileReference; lastKnownFileType = text.plist.xml; path = Info.plist; sourceTree = "<group>"; };
		18B360B12170A4BB00C38F95 /* CoreDataDemoUITests.xctest */ = {isa = PBXFileReference; explicitFileType = wrapper.cfbundle; includeInIndex = 0; path = CoreDataDemoUITests.xctest; sourceTree = BUILT_PRODUCTS_DIR; };
		18B360B52170A4BB00C38F95 /* CoreDataUITests.swift */ = {isa = PBXFileReference; lastKnownFileType = sourcecode.swift; path = CoreDataUITests.swift; sourceTree = "<group>"; };
		18B360B72170A4BB00C38F95 /* Info.plist */ = {isa = PBXFileReference; lastKnownFileType = text.plist.xml; path = Info.plist; sourceTree = "<group>"; };
		18B360C32170AF0A00C38F95 /* CoreDataManager.swift */ = {isa = PBXFileReference; lastKnownFileType = sourcecode.swift; path = CoreDataManager.swift; sourceTree = "<group>"; };
		18B360C52170AF3800C38F95 /* ModelPerson.swift */ = {isa = PBXFileReference; lastKnownFileType = sourcecode.swift; path = ModelPerson.swift; sourceTree = "<group>"; };
		18B360C82170B5B800C38F95 /* CoreData.xcdatamodel */ = {isa = PBXFileReference; lastKnownFileType = wrapper.xcdatamodel; path = CoreData.xcdatamodel; sourceTree = "<group>"; };
		18C81A65217861CF00438978 /* ImageCropper.xib */ = {isa = PBXFileReference; fileEncoding = 4; lastKnownFileType = file.xib; path = ImageCropper.xib; sourceTree = "<group>"; };
		18C81A66217861CF00438978 /* ImageCropperModel.swift */ = {isa = PBXFileReference; fileEncoding = 4; lastKnownFileType = sourcecode.swift; path = ImageCropperModel.swift; sourceTree = "<group>"; };
		18C81A67217861CF00438978 /* ImageCropperConfigurator.swift */ = {isa = PBXFileReference; fileEncoding = 4; lastKnownFileType = sourcecode.swift; path = ImageCropperConfigurator.swift; sourceTree = "<group>"; };
		18C81A68217861CF00438978 /* ImageCropperPresenter.swift */ = {isa = PBXFileReference; fileEncoding = 4; lastKnownFileType = sourcecode.swift; path = ImageCropperPresenter.swift; sourceTree = "<group>"; };
		18C81A69217861CF00438978 /* UIImage+NormalizeOrientation.swift */ = {isa = PBXFileReference; fileEncoding = 4; lastKnownFileType = sourcecode.swift; path = "UIImage+NormalizeOrientation.swift"; sourceTree = "<group>"; };
		18C81A6A217861D000438978 /* ImageCropperRouter.swift */ = {isa = PBXFileReference; fileEncoding = 4; lastKnownFileType = sourcecode.swift; path = ImageCropperRouter.swift; sourceTree = "<group>"; };
		18C81A6B217861D000438978 /* ImageCropperViewController.swift */ = {isa = PBXFileReference; fileEncoding = 4; lastKnownFileType = sourcecode.swift; path = ImageCropperViewController.swift; sourceTree = "<group>"; };
		18C81A6C217861D000438978 /* ImageCropperConfiguration.swift */ = {isa = PBXFileReference; fileEncoding = 4; lastKnownFileType = sourcecode.swift; path = ImageCropperConfiguration.swift; sourceTree = "<group>"; };
/* End PBXFileReference section */

/* Begin PBXFrameworksBuildPhase section */
		18B3608C2170A4B700C38F95 /* Frameworks */ = {
			isa = PBXFrameworksBuildPhase;
			buildActionMask = 2147483647;
			files = (
			);
			runOnlyForDeploymentPostprocessing = 0;
		};
		18B360A32170A4BB00C38F95 /* Frameworks */ = {
			isa = PBXFrameworksBuildPhase;
			buildActionMask = 2147483647;
			files = (
			);
			runOnlyForDeploymentPostprocessing = 0;
		};
		18B360AE2170A4BB00C38F95 /* Frameworks */ = {
			isa = PBXFrameworksBuildPhase;
			buildActionMask = 2147483647;
			files = (
			);
			runOnlyForDeploymentPostprocessing = 0;
		};
/* End PBXFrameworksBuildPhase section */

/* Begin PBXGroup section */
		18B360862170A4B700C38F95 = {
			isa = PBXGroup;
			children = (
				18B360C52170AF3800C38F95 /* ModelPerson.swift */,
				18B360912170A4B700C38F95 /* CoreData */,
				18B360A92170A4BB00C38F95 /* CoreDataTests */,
				18B360B42170A4BB00C38F95 /* CoreDataUITests */,
				18B360902170A4B700C38F95 /* Products */,
			);
			sourceTree = "<group>";
		};
		18B360902170A4B700C38F95 /* Products */ = {
			isa = PBXGroup;
			children = (
				18B3608F2170A4B700C38F95 /* CoreDataDemo.app */,
				18B360A62170A4BB00C38F95 /* CoreDataDemoTests.xctest */,
				18B360B12170A4BB00C38F95 /* CoreDataDemoUITests.xctest */,
			);
			name = Products;
			sourceTree = "<group>";
		};
		18B360912170A4B700C38F95 /* CoreData */ = {
			isa = PBXGroup;
			children = (
				18C81A642178619A00438978 /* ImageCrop */,
				18B360922170A4B700C38F95 /* AppDelegate.swift */,
				18B360942170A4B700C38F95 /* ViewController.swift */,
				18B360962170A4B700C38F95 /* Main.storyboard */,
				18B3609C2170A4BB00C38F95 /* Assets.xcassets */,
				18B3609E2170A4BB00C38F95 /* LaunchScreen.storyboard */,
				18B360A12170A4BB00C38F95 /* Info.plist */,
				18B360C32170AF0A00C38F95 /* CoreDataManager.swift */,
				18B360C72170B5B800C38F95 /* CoreData.xcdatamodeld */,
				18178E8C21748C6900D70AF3 /* ResponseModel.swift */,
				1806CD13217763F100A7878B /* ImageManager.swift */,
				1806CD15217766FB00A7878B /* ImageWork.swift */,
			);
			path = CoreData;
			sourceTree = "<group>";
		};
		18B360A92170A4BB00C38F95 /* CoreDataTests */ = {
			isa = PBXGroup;
			children = (
				18B360AA2170A4BB00C38F95 /* CoreDataTests.swift */,
				18B360AC2170A4BB00C38F95 /* Info.plist */,
			);
			path = CoreDataTests;
			sourceTree = "<group>";
		};
		18B360B42170A4BB00C38F95 /* CoreDataUITests */ = {
			isa = PBXGroup;
			children = (
				18B360B52170A4BB00C38F95 /* CoreDataUITests.swift */,
				18B360B72170A4BB00C38F95 /* Info.plist */,
			);
			path = CoreDataUITests;
			sourceTree = "<group>";
		};
		18C81A642178619A00438978 /* ImageCrop */ = {
			isa = PBXGroup;
			children = (
				18C81A65217861CF00438978 /* ImageCropper.xib */,
				18C81A6C217861D000438978 /* ImageCropperConfiguration.swift */,
				18C81A67217861CF00438978 /* ImageCropperConfigurator.swift */,
				18C81A66217861CF00438978 /* ImageCropperModel.swift */,
				18C81A68217861CF00438978 /* ImageCropperPresenter.swift */,
				18C81A6A217861D000438978 /* ImageCropperRouter.swift */,
				18C81A6B217861D000438978 /* ImageCropperViewController.swift */,
				18C81A69217861CF00438978 /* UIImage+NormalizeOrientation.swift */,
			);
			path = ImageCrop;
			sourceTree = "<group>";
		};
/* End PBXGroup section */

/* Begin PBXNativeTarget section */
		18B3608E2170A4B700C38F95 /* CoreDataDemo */ = {
			isa = PBXNativeTarget;
			buildConfigurationList = 18B360BA2170A4BB00C38F95 /* Build configuration list for PBXNativeTarget "CoreDataDemo" */;
			buildPhases = (
				18B3608B2170A4B700C38F95 /* Sources */,
				18B3608C2170A4B700C38F95 /* Frameworks */,
				18B3608D2170A4B700C38F95 /* Resources */,
			);
			buildRules = (
			);
			dependencies = (
			);
			name = CoreDataDemo;
			productName = CoreData;
			productReference = 18B3608F2170A4B700C38F95 /* CoreDataDemo.app */;
			productType = "com.apple.product-type.application";
		};
		18B360A52170A4BB00C38F95 /* CoreDataDemoTests */ = {
			isa = PBXNativeTarget;
			buildConfigurationList = 18B360BD2170A4BB00C38F95 /* Build configuration list for PBXNativeTarget "CoreDataDemoTests" */;
			buildPhases = (
				18B360A22170A4BB00C38F95 /* Sources */,
				18B360A32170A4BB00C38F95 /* Frameworks */,
				18B360A42170A4BB00C38F95 /* Resources */,
			);
			buildRules = (
			);
			dependencies = (
				18B360A82170A4BB00C38F95 /* PBXTargetDependency */,
			);
			name = CoreDataDemoTests;
			productName = CoreDataTests;
			productReference = 18B360A62170A4BB00C38F95 /* CoreDataDemoTests.xctest */;
			productType = "com.apple.product-type.bundle.unit-test";
		};
		18B360B02170A4BB00C38F95 /* CoreDataDemoUITests */ = {
			isa = PBXNativeTarget;
			buildConfigurationList = 18B360C02170A4BB00C38F95 /* Build configuration list for PBXNativeTarget "CoreDataDemoUITests" */;
			buildPhases = (
				18B360AD2170A4BB00C38F95 /* Sources */,
				18B360AE2170A4BB00C38F95 /* Frameworks */,
				18B360AF2170A4BB00C38F95 /* Resources */,
			);
			buildRules = (
			);
			dependencies = (
				18B360B32170A4BB00C38F95 /* PBXTargetDependency */,
			);
			name = CoreDataDemoUITests;
			productName = CoreDataUITests;
			productReference = 18B360B12170A4BB00C38F95 /* CoreDataDemoUITests.xctest */;
			productType = "com.apple.product-type.bundle.ui-testing";
		};
/* End PBXNativeTarget section */

/* Begin PBXProject section */
		18B360872170A4B700C38F95 /* Project object */ = {
			isa = PBXProject;
			attributes = {
				LastSwiftUpdateCheck = 0940;
				LastUpgradeCheck = 0940;
				ORGANIZATIONNAME = Apple;
				TargetAttributes = {
					18B3608E2170A4B700C38F95 = {
						CreatedOnToolsVersion = 9.4.1;
					};
					18B360A52170A4BB00C38F95 = {
						CreatedOnToolsVersion = 9.4.1;
						TestTargetID = 18B3608E2170A4B700C38F95;
					};
					18B360B02170A4BB00C38F95 = {
						CreatedOnToolsVersion = 9.4.1;
						TestTargetID = 18B3608E2170A4B700C38F95;
					};
				};
			};
			buildConfigurationList = 18B3608A2170A4B700C38F95 /* Build configuration list for PBXProject "CoreDataDemo" */;
			compatibilityVersion = "Xcode 9.3";
			developmentRegion = en;
			hasScannedForEncodings = 0;
			knownRegions = (
				en,
				Base,
			);
			mainGroup = 18B360862170A4B700C38F95;
			productRefGroup = 18B360902170A4B700C38F95 /* Products */;
			projectDirPath = "";
			projectRoot = "";
			targets = (
				18B3608E2170A4B700C38F95 /* CoreDataDemo */,
				18B360A52170A4BB00C38F95 /* CoreDataDemoTests */,
				18B360B02170A4BB00C38F95 /* CoreDataDemoUITests */,
			);
		};
/* End PBXProject section */

/* Begin PBXResourcesBuildPhase section */
		18B3608D2170A4B700C38F95 /* Resources */ = {
			isa = PBXResourcesBuildPhase;
			buildActionMask = 2147483647;
			files = (
				18B360A02170A4BB00C38F95 /* LaunchScreen.storyboard in Resources */,
				18B3609D2170A4BB00C38F95 /* Assets.xcassets in Resources */,
				18B360982170A4B700C38F95 /* Main.storyboard in Resources */,
				18C81A6D217861D000438978 /* ImageCropper.xib in Resources */,
			);
			runOnlyForDeploymentPostprocessing = 0;
		};
		18B360A42170A4BB00C38F95 /* Resources */ = {
			isa = PBXResourcesBuildPhase;
			buildActionMask = 2147483647;
			files = (
			);
			runOnlyForDeploymentPostprocessing = 0;
		};
		18B360AF2170A4BB00C38F95 /* Resources */ = {
			isa = PBXResourcesBuildPhase;
			buildActionMask = 2147483647;
			files = (
			);
			runOnlyForDeploymentPostprocessing = 0;
		};
/* End PBXResourcesBuildPhase section */

/* Begin PBXSourcesBuildPhase section */
		18B3608B2170A4B700C38F95 /* Sources */ = {
			isa = PBXSourcesBuildPhase;
			buildActionMask = 2147483647;
			files = (
				18C81A72217861D000438978 /* ImageCropperRouter.swift in Sources */,
				1806CD16217766FB00A7878B /* ImageWork.swift in Sources */,
				18C81A74217861D000438978 /* ImageCropperConfiguration.swift in Sources */,
				18C81A73217861D000438978 /* ImageCropperViewController.swift in Sources */,
				18B360952170A4B700C38F95 /* ViewController.swift in Sources */,
				18B360932170A4B700C38F95 /* AppDelegate.swift in Sources */,
				18C81A6E217861D000438978 /* ImageCropperModel.swift in Sources */,
				1806CD14217763F100A7878B /* ImageManager.swift in Sources */,
				18C81A70217861D000438978 /* ImageCropperPresenter.swift in Sources */,
				18C81A71217861D000438978 /* UIImage+NormalizeOrientation.swift in Sources */,
				18B360C92170B5B800C38F95 /* CoreData.xcdatamodeld in Sources */,
				18C81A6F217861D000438978 /* ImageCropperConfigurator.swift in Sources */,
				18B360C62170AF3800C38F95 /* ModelPerson.swift in Sources */,
				18178E8D21748C6900D70AF3 /* ResponseModel.swift in Sources */,
				18B360C42170AF0A00C38F95 /* CoreDataManager.swift in Sources */,
			);
			runOnlyForDeploymentPostprocessing = 0;
		};
		18B360A22170A4BB00C38F95 /* Sources */ = {
			isa = PBXSourcesBuildPhase;
			buildActionMask = 2147483647;
			files = (
				18B360AB2170A4BB00C38F95 /* CoreDataTests.swift in Sources */,
			);
			runOnlyForDeploymentPostprocessing = 0;
		};
		18B360AD2170A4BB00C38F95 /* Sources */ = {
			isa = PBXSourcesBuildPhase;
			buildActionMask = 2147483647;
			files = (
				18B360B62170A4BB00C38F95 /* CoreDataUITests.swift in Sources */,
			);
			runOnlyForDeploymentPostprocessing = 0;
		};
/* End PBXSourcesBuildPhase section */

/* Begin PBXTargetDependency section */
		18B360A82170A4BB00C38F95 /* PBXTargetDependency */ = {
			isa = PBXTargetDependency;
			target = 18B3608E2170A4B700C38F95 /* CoreDataDemo */;
			targetProxy = 18B360A72170A4BB00C38F95 /* PBXContainerItemProxy */;
		};
		18B360B32170A4BB00C38F95 /* PBXTargetDependency */ = {
			isa = PBXTargetDependency;
			target = 18B3608E2170A4B700C38F95 /* CoreDataDemo */;
			targetProxy = 18B360B22170A4BB00C38F95 /* PBXContainerItemProxy */;
		};
/* End PBXTargetDependency section */

/* Begin PBXVariantGroup section */
		18B360962170A4B700C38F95 /* Main.storyboard */ = {
			isa = PBXVariantGroup;
			children = (
				18B360972170A4B700C38F95 /* Base */,
			);
			name = Main.storyboard;
			sourceTree = "<group>";
		};
		18B3609E2170A4BB00C38F95 /* LaunchScreen.storyboard */ = {
			isa = PBXVariantGroup;
			children = (
				18B3609F2170A4BB00C38F95 /* Base */,
			);
			name = LaunchScreen.storyboard;
			sourceTree = "<group>";
		};
/* End PBXVariantGroup section */

/* Begin XCBuildConfiguration section */
		18B360B82170A4BB00C38F95 /* Debug */ = {
			isa = XCBuildConfiguration;
			buildSettings = {
				ALWAYS_SEARCH_USER_PATHS = NO;
				CLANG_ANALYZER_NONNULL = YES;
				CLANG_ANALYZER_NUMBER_OBJECT_CONVERSION = YES_AGGRESSIVE;
				CLANG_CXX_LANGUAGE_STANDARD = "gnu++14";
				CLANG_CXX_LIBRARY = "libc++";
				CLANG_ENABLE_MODULES = YES;
				CLANG_ENABLE_OBJC_ARC = YES;
				CLANG_ENABLE_OBJC_WEAK = YES;
				CLANG_WARN_BLOCK_CAPTURE_AUTORELEASING = YES;
				CLANG_WARN_BOOL_CONVERSION = YES;
				CLANG_WARN_COMMA = YES;
				CLANG_WARN_CONSTANT_CONVERSION = YES;
				CLANG_WARN_DEPRECATED_OBJC_IMPLEMENTATIONS = YES;
				CLANG_WARN_DIRECT_OBJC_ISA_USAGE = YES_ERROR;
				CLANG_WARN_DOCUMENTATION_COMMENTS = YES;
				CLANG_WARN_EMPTY_BODY = YES;
				CLANG_WARN_ENUM_CONVERSION = YES;
				CLANG_WARN_INFINITE_RECURSION = YES;
				CLANG_WARN_INT_CONVERSION = YES;
				CLANG_WARN_NON_LITERAL_NULL_CONVERSION = YES;
				CLANG_WARN_OBJC_IMPLICIT_RETAIN_SELF = YES;
				CLANG_WARN_OBJC_LITERAL_CONVERSION = YES;
				CLANG_WARN_OBJC_ROOT_CLASS = YES_ERROR;
				CLANG_WARN_RANGE_LOOP_ANALYSIS = YES;
				CLANG_WARN_STRICT_PROTOTYPES = YES;
				CLANG_WARN_SUSPICIOUS_MOVE = YES;
				CLANG_WARN_UNGUARDED_AVAILABILITY = YES_AGGRESSIVE;
				CLANG_WARN_UNREACHABLE_CODE = YES;
				CLANG_WARN__DUPLICATE_METHOD_MATCH = YES;
				CODE_SIGN_IDENTITY = "iPhone Developer";
				COPY_PHASE_STRIP = NO;
				DEBUG_INFORMATION_FORMAT = dwarf;
				ENABLE_STRICT_OBJC_MSGSEND = YES;
				ENABLE_TESTABILITY = YES;
				GCC_C_LANGUAGE_STANDARD = gnu11;
				GCC_DYNAMIC_NO_PIC = NO;
				GCC_NO_COMMON_BLOCKS = YES;
				GCC_OPTIMIZATION_LEVEL = 0;
				GCC_PREPROCESSOR_DEFINITIONS = (
					"DEBUG=1",
					"$(inherited)",
				);
				GCC_WARN_64_TO_32_BIT_CONVERSION = YES;
				GCC_WARN_ABOUT_RETURN_TYPE = YES_ERROR;
				GCC_WARN_UNDECLARED_SELECTOR = YES;
				GCC_WARN_UNINITIALIZED_AUTOS = YES_AGGRESSIVE;
				GCC_WARN_UNUSED_FUNCTION = YES;
				GCC_WARN_UNUSED_VARIABLE = YES;
				IPHONEOS_DEPLOYMENT_TARGET = 11.4;
				MTL_ENABLE_DEBUG_INFO = YES;
				ONLY_ACTIVE_ARCH = YES;
				SDKROOT = iphoneos;
				SWIFT_ACTIVE_COMPILATION_CONDITIONS = DEBUG;
				SWIFT_OPTIMIZATION_LEVEL = "-Onone";
			};
			name = Debug;
		};
		18B360B92170A4BB00C38F95 /* Release */ = {
			isa = XCBuildConfiguration;
			buildSettings = {
				ALWAYS_SEARCH_USER_PATHS = NO;
				CLANG_ANALYZER_NONNULL = YES;
				CLANG_ANALYZER_NUMBER_OBJECT_CONVERSION = YES_AGGRESSIVE;
				CLANG_CXX_LANGUAGE_STANDARD = "gnu++14";
				CLANG_CXX_LIBRARY = "libc++";
				CLANG_ENABLE_MODULES = YES;
				CLANG_ENABLE_OBJC_ARC = YES;
				CLANG_ENABLE_OBJC_WEAK = YES;
				CLANG_WARN_BLOCK_CAPTURE_AUTORELEASING = YES;
				CLANG_WARN_BOOL_CONVERSION = YES;
				CLANG_WARN_COMMA = YES;
				CLANG_WARN_CONSTANT_CONVERSION = YES;
				CLANG_WARN_DEPRECATED_OBJC_IMPLEMENTATIONS = YES;
				CLANG_WARN_DIRECT_OBJC_ISA_USAGE = YES_ERROR;
				CLANG_WARN_DOCUMENTATION_COMMENTS = YES;
				CLANG_WARN_EMPTY_BODY = YES;
				CLANG_WARN_ENUM_CONVERSION = YES;
				CLANG_WARN_INFINITE_RECURSION = YES;
				CLANG_WARN_INT_CONVERSION = YES;
				CLANG_WARN_NON_LITERAL_NULL_CONVERSION = YES;
				CLANG_WARN_OBJC_IMPLICIT_RETAIN_SELF = YES;
				CLANG_WARN_OBJC_LITERAL_CONVERSION = YES;
				CLANG_WARN_OBJC_ROOT_CLASS = YES_ERROR;
				CLANG_WARN_RANGE_LOOP_ANALYSIS = YES;
				CLANG_WARN_STRICT_PROTOTYPES = YES;
				CLANG_WARN_SUSPICIOUS_MOVE = YES;
				CLANG_WARN_UNGUARDED_AVAILABILITY = YES_AGGRESSIVE;
				CLANG_WARN_UNREACHABLE_CODE = YES;
				CLANG_WARN__DUPLICATE_METHOD_MATCH = YES;
				CODE_SIGN_IDENTITY = "iPhone Developer";
				COPY_PHASE_STRIP = NO;
				DEBUG_INFORMATION_FORMAT = "dwarf-with-dsym";
				ENABLE_NS_ASSERTIONS = NO;
				ENABLE_STRICT_OBJC_MSGSEND = YES;
				GCC_C_LANGUAGE_STANDARD = gnu11;
				GCC_NO_COMMON_BLOCKS = YES;
				GCC_WARN_64_TO_32_BIT_CONVERSION = YES;
				GCC_WARN_ABOUT_RETURN_TYPE = YES_ERROR;
				GCC_WARN_UNDECLARED_SELECTOR = YES;
				GCC_WARN_UNINITIALIZED_AUTOS = YES_AGGRESSIVE;
				GCC_WARN_UNUSED_FUNCTION = YES;
				GCC_WARN_UNUSED_VARIABLE = YES;
				IPHONEOS_DEPLOYMENT_TARGET = 11.4;
				MTL_ENABLE_DEBUG_INFO = NO;
				SDKROOT = iphoneos;
				SWIFT_COMPILATION_MODE = wholemodule;
				SWIFT_OPTIMIZATION_LEVEL = "-O";
				VALIDATE_PRODUCT = YES;
			};
			name = Release;
		};
		18B360BB2170A4BB00C38F95 /* Debug */ = {
			isa = XCBuildConfiguration;
			buildSettings = {
				ASSETCATALOG_COMPILER_APPICON_NAME = AppIcon;
				CODE_SIGN_STYLE = Automatic;
				DEVELOPMENT_TEAM = L2BQ3N62HW;
				INFOPLIST_FILE = CoreData/Info.plist;
				LD_RUNPATH_SEARCH_PATHS = (
					"$(inherited)",
					"@executable_path/Frameworks",
				);
				PRODUCT_BUNDLE_IDENTIFIER = com.fidel.CoreData;
				PRODUCT_NAME = "$(TARGET_NAME)";
				SWIFT_VERSION = 4.0;
				TARGETED_DEVICE_FAMILY = "1,2";
			};
			name = Debug;
		};
		18B360BC2170A4BB00C38F95 /* Release */ = {
			isa = XCBuildConfiguration;
			buildSettings = {
				ASSETCATALOG_COMPILER_APPICON_NAME = AppIcon;
				CODE_SIGN_STYLE = Automatic;
				DEVELOPMENT_TEAM = L2BQ3N62HW;
				INFOPLIST_FILE = CoreData/Info.plist;
				LD_RUNPATH_SEARCH_PATHS = (
					"$(inherited)",
					"@executable_path/Frameworks",
				);
				PRODUCT_BUNDLE_IDENTIFIER = com.fidel.CoreData;
				PRODUCT_NAME = "$(TARGET_NAME)";
				SWIFT_VERSION = 4.0;
				TARGETED_DEVICE_FAMILY = "1,2";
			};
			name = Release;
		};
		18B360BE2170A4BB00C38F95 /* Debug */ = {
			isa = XCBuildConfiguration;
			buildSettings = {
				ALWAYS_EMBED_SWIFT_STANDARD_LIBRARIES = YES;
				BUNDLE_LOADER = "$(TEST_HOST)";
				CODE_SIGN_STYLE = Automatic;
				DEVELOPMENT_TEAM = L2BQ3N62HW;
				INFOPLIST_FILE = CoreDataTests/Info.plist;
				LD_RUNPATH_SEARCH_PATHS = (
					"$(inherited)",
					"@executable_path/Frameworks",
					"@loader_path/Frameworks",
				);
				PRODUCT_BUNDLE_IDENTIFIER = com.fidel.CoreDataTests;
				PRODUCT_NAME = "$(TARGET_NAME)";
				SWIFT_VERSION = 4.0;
				TARGETED_DEVICE_FAMILY = "1,2";
				TEST_HOST = "$(BUILT_PRODUCTS_DIR)/CoreDataDemo.app/CoreDataDemo";
			};
			name = Debug;
		};
		18B360BF2170A4BB00C38F95 /* Release */ = {
			isa = XCBuildConfiguration;
			buildSettings = {
				ALWAYS_EMBED_SWIFT_STANDARD_LIBRARIES = YES;
				BUNDLE_LOADER = "$(TEST_HOST)";
				CODE_SIGN_STYLE = Automatic;
				DEVELOPMENT_TEAM = L2BQ3N62HW;
				INFOPLIST_FILE = CoreDataTests/Info.plist;
				LD_RUNPATH_SEARCH_PATHS = (
					"$(inherited)",
					"@executable_path/Frameworks",
					"@loader_path/Frameworks",
				);
				PRODUCT_BUNDLE_IDENTIFIER = com.fidel.CoreDataTests;
				PRODUCT_NAME = "$(TARGET_NAME)";
				SWIFT_VERSION = 4.0;
				TARGETED_DEVICE_FAMILY = "1,2";
				TEST_HOST = "$(BUILT_PRODUCTS_DIR)/CoreDataDemo.app/CoreDataDemo";
			};
			name = Release;
		};
		18B360C12170A4BB00C38F95 /* Debug */ = {
			isa = XCBuildConfiguration;
			buildSettings = {
				ALWAYS_EMBED_SWIFT_STANDARD_LIBRARIES = YES;
				CODE_SIGN_STYLE = Automatic;
				DEVELOPMENT_TEAM = L2BQ3N62HW;
				INFOPLIST_FILE = CoreDataUITests/Info.plist;
				LD_RUNPATH_SEARCH_PATHS = (
					"$(inherited)",
					"@executable_path/Frameworks",
					"@loader_path/Frameworks",
				);
				PRODUCT_BUNDLE_IDENTIFIER = com.fidel.CoreDataUITests;
				PRODUCT_NAME = "$(TARGET_NAME)";
				SWIFT_VERSION = 4.0;
				TARGETED_DEVICE_FAMILY = "1,2";
				TEST_TARGET_NAME = CoreData;
			};
			name = Debug;
		};
		18B360C22170A4BB00C38F95 /* Release */ = {
			isa = XCBuildConfiguration;
			buildSettings = {
				ALWAYS_EMBED_SWIFT_STANDARD_LIBRARIES = YES;
				CODE_SIGN_STYLE = Automatic;
				DEVELOPMENT_TEAM = L2BQ3N62HW;
				INFOPLIST_FILE = CoreDataUITests/Info.plist;
				LD_RUNPATH_SEARCH_PATHS = (
					"$(inherited)",
					"@executable_path/Frameworks",
					"@loader_path/Frameworks",
				);
				PRODUCT_BUNDLE_IDENTIFIER = com.fidel.CoreDataUITests;
				PRODUCT_NAME = "$(TARGET_NAME)";
				SWIFT_VERSION = 4.0;
				TARGETED_DEVICE_FAMILY = "1,2";
				TEST_TARGET_NAME = CoreData;
			};
			name = Release;
		};
/* End XCBuildConfiguration section */

/* Begin XCConfigurationList section */
		18B3608A2170A4B700C38F95 /* Build configuration list for PBXProject "CoreDataDemo" */ = {
			isa = XCConfigurationList;
			buildConfigurations = (
				18B360B82170A4BB00C38F95 /* Debug */,
				18B360B92170A4BB00C38F95 /* Release */,
			);
			defaultConfigurationIsVisible = 0;
			defaultConfigurationName = Release;
		};
		18B360BA2170A4BB00C38F95 /* Build configuration list for PBXNativeTarget "CoreDataDemo" */ = {
			isa = XCConfigurationList;
			buildConfigurations = (
				18B360BB2170A4BB00C38F95 /* Debug */,
				18B360BC2170A4BB00C38F95 /* Release */,
			);
			defaultConfigurationIsVisible = 0;
			defaultConfigurationName = Release;
		};
		18B360BD2170A4BB00C38F95 /* Build configuration list for PBXNativeTarget "CoreDataDemoTests" */ = {
			isa = XCConfigurationList;
			buildConfigurations = (
				18B360BE2170A4BB00C38F95 /* Debug */,
				18B360BF2170A4BB00C38F95 /* Release */,
			);
			defaultConfigurationIsVisible = 0;
			defaultConfigurationName = Release;
		};
		18B360C02170A4BB00C38F95 /* Build configuration list for PBXNativeTarget "CoreDataDemoUITests" */ = {
			isa = XCConfigurationList;
			buildConfigurations = (
				18B360C12170A4BB00C38F95 /* Debug */,
				18B360C22170A4BB00C38F95 /* Release */,
			);
			defaultConfigurationIsVisible = 0;
			defaultConfigurationName = Release;
		};
/* End XCConfigurationList section */

/* Begin XCVersionGroup section */
		18B360C72170B5B800C38F95 /* CoreData.xcdatamodeld */ = {
			isa = XCVersionGroup;
			children = (
				18B360C82170B5B800C38F95 /* CoreData.xcdatamodel */,
			);
			currentVersion = 18B360C82170B5B800C38F95 /* CoreData.xcdatamodel */;
			path = CoreData.xcdatamodeld;
			sourceTree = "<group>";
			versionGroupType = wrapper.xcdatamodel;
		};
/* End XCVersionGroup section */
	};
	rootObject = 18B360872170A4B700C38F95 /* Project object */;
}
